{
  "name": "example",
  "lockfileVersion": 2,
  "requires": true,
  "packages": {
    "": {
      "name": "example",
      "dependencies": {
        "altv-xrpc-client": "^0.0.5",
        "altv-xrpc-server": "^0.0.5",
        "altv-xrpc-shared-types": "^0.0.5"
      }
    },
    "node_modules/altv-xrpc-client": {
      "version": "0.0.5",
      "resolved": "https://registry.npmjs.org/altv-xrpc-client/-/altv-xrpc-client-0.0.5.tgz",
      "integrity": "sha512-7XENPGIcLVQKpHBSnyO8KOgp2MmLVs0ztmsmB5kQ/fPBfXa0TEqjw0bx3IGD0X6XGJeprOnQo+IOLNwZlWjHOw==",
      "peerDependencies": {
        "altv-xrpc-shared-types": "latest"
      }
    },
    "node_modules/altv-xrpc-server": {
      "version": "0.0.5",
      "resolved": "https://registry.npmjs.org/altv-xrpc-server/-/altv-xrpc-server-0.0.5.tgz",
      "integrity": "sha512-nE16JXd0AsqLhm3E31loDu7yre2EWQIjvO2QciTlpyZcZvI1SLSSjVbwrpLN2uPyHVzr1xmccUdkMVj7L+KOHA==",
      "peerDependencies": {
        "altv-xrpc-shared-types": "latest"
      }
    },
    "node_modules/altv-xrpc-shared-types": {
      "version": "0.0.5",
      "resolved": "https://registry.npmjs.org/altv-xrpc-shared-types/-/altv-xrpc-shared-types-0.0.5.tgz",
      "integrity": "sha512-gD2/YeWaKYvEPPDahDhLtTujyn20LSUrtJdTZoWg7o0CUVf4CYtyc/QYgNuqOAO29v+2JuIAomeQ2pIAeW2S1g=="
    }
  },
  "dependencies": {
    "altv-xrpc-client": {
      "version": "0.0.5",
      "resolved": "https://registry.npmjs.org/altv-xrpc-client/-/altv-xrpc-client-0.0.5.tgz",
      "integrity": "sha512-7XENPGIcLVQKpHBSnyO8KOgp2MmLVs0ztmsmB5kQ/fPBfXa0TEqjw0bx3IGD0X6XGJeprOnQo+IOLNwZlWjHOw==",
      "requires": {}
    },
    "altv-xrpc-server": {
      "version": "0.0.5",
      "resolved": "https://registry.npmjs.org/altv-xrpc-server/-/altv-xrpc-server-0.0.5.tgz",
      "integrity": "sha512-nE16JXd0AsqLhm3E31loDu7yre2EWQIjvO2QciTlpyZcZvI1SLSSjVbwrpLN2uPyHVzr1xmccUdkMVj7L+KOHA==",
      "requires": {}
    },
    "altv-xrpc-shared-types": {
      "version": "0.0.5",
      "resolved": "https://registry.npmjs.org/altv-xrpc-shared-types/-/altv-xrpc-shared-types-0.0.5.tgz",
      "integrity": "sha512-gD2/YeWaKYvEPPDahDhLtTujyn20LSUrtJdTZoWg7o0CUVf4CYtyc/QYgNuqOAO29v+2JuIAomeQ2pIAeW2S1g=="
    }
  }
}
