# THIS IS AN AUTOGENERATED FILE. DO NOT EDIT THIS FILE DIRECTLY.
# yarn lockfile v1


"@altv/types-server@^2.5.0":
  version "2.5.0"
  resolved "https://registry.yarnpkg.com/@altv/types-server/-/types-server-2.5.0.tgz#9629be97b58f1812524ea1ca078d9d763b41dd29"
  integrity sha512-8tc3vz7+PdVHlquSKD5JZjQjFqtnbS+n93bz7xuDfQ6dEHWVIhTW1s3IugJTbMXBhJwhtuey7Vsd2ev4LGiExg==

"@altv/types-shared@^1.0.2":
  version "1.3.1"
  resolved "https://registry.yarnpkg.com/@altv/types-shared/-/types-shared-1.3.1.tgz#1a0ce63b9d197f0b614c68dc4c21de3bf24e033b"
  integrity sha512-6zepdoj+PoVZOHFfNaevoAIUOKIj/QdnnrhP65tteXa5Slo893jr/RLHHsJsYmJp4K4hKMNt5KazGDzDZO6dEg==

altv-xlogger@^1.0.3:
  version "1.0.3"
  resolved "https://registry.yarnpkg.com/altv-xlogger/-/altv-xlogger-1.0.3.tgz#5816e902704f27e5b88e548bbbcb8eb39ef2706d"
  integrity sha512-8+0/fP5NjYZ/FEyz1zeTrkZhowOKlB61tdLtnnYlNvFETFQZJKZ3Q8FuHr4hjcQHZlZMW2O4V2vUtP4a/zcA5w==
  dependencies:
    reflect-metadata "^0.1.13"
    typescript "^4.4.2"

altv-xxrpc-shared@^1.0.0:
  version "1.0.0"
  resolved "https://registry.yarnpkg.com/altv-xxrpc-shared/-/altv-xxrpc-shared-1.0.0.tgz#dd6091425f0a8f1f8b154605d9c1cb89e0b67c37"
  integrity sha512-l0iA73FUSCRqVv18Lxa1mwHHOzJxbXQcTJuz13pz2ZCxWimDkbE+Nr2Zp2HpAu0Vy7wRoDeSV61hZ0arTtcoHQ==
  dependencies:
    altv-xlogger "^1.0.3"
    reflect-metadata "^0.1.13"

reflect-metadata@^0.1.13:
  version "0.1.13"
  resolved "https://registry.yarnpkg.com/reflect-metadata/-/reflect-metadata-0.1.13.tgz#67ae3ca57c972a2aa1642b10fe363fe32d49dc08"
  integrity sha512-Ts1Y/anZELhSsjMcU605fU9RE4Oi3p5ORujwbIKXfWa+0Zxs510Qrmrce5/Jowq3cHSZSJqBjypxmHarc+vEWg==

typescript@^4.4.2:
  version "4.8.4"
  resolved "https://registry.yarnpkg.com/typescript/-/typescript-4.8.4.tgz#c464abca159669597be5f96b8943500b238e60e6"
  integrity sha512-QCh+85mCy+h0IGff8r5XWzOVSbBO+KfeYrMQh7NJ58QujwcE22u+NUSmUxqF+un70P9GXKxa2HCNiTTMJknyjQ==
