# THIS IS AN AUTOGENERATED FILE. DO NOT EDIT THIS FILE DIRECTLY.
# yarn lockfile v1


"@altv/types-shared@^1.0.2":
  version "1.0.2"
  resolved "https://registry.yarnpkg.com/@altv/types-shared/-/types-shared-1.0.2.tgz#c9b3b4964bb8c690883a243f8fbefaeb574b520f"
  integrity sha512-yxJh6u4jFjyrZsFOe2Fx7352e8WO+k/YxXHcSktBc3Zq5suIDhaMIk6dy7K+pYHKDlPa0DNzPnnjcq3QUYK6Qw==

altv-xlogger@^1.0.3:
  version "1.0.3"
  resolved "https://registry.yarnpkg.com/altv-xlogger/-/altv-xlogger-1.0.3.tgz#5816e902704f27e5b88e548bbbcb8eb39ef2706d"
  integrity sha512-8+0/fP5NjYZ/FEyz1zeTrkZhowOKlB61tdLtnnYlNvFETFQZJKZ3Q8FuHr4hjcQHZlZMW2O4V2vUtP4a/zcA5w==
  dependencies:
    reflect-metadata "^0.1.13"
    typescript "^4.4.2"

reflect-metadata@^0.1.13:
  version "0.1.13"
  resolved "https://registry.yarnpkg.com/reflect-metadata/-/reflect-metadata-0.1.13.tgz#67ae3ca57c972a2aa1642b10fe363fe32d49dc08"
  integrity sha512-Ts1Y/anZELhSsjMcU605fU9RE4Oi3p5ORujwbIKXfWa+0Zxs510Qrmrce5/Jowq3cHSZSJqBjypxmHarc+vEWg==

typescript@^4.4.2:
  version "4.4.2"
  resolved "https://registry.yarnpkg.com/typescript/-/typescript-4.4.2.tgz#6d618640d430e3569a1dfb44f7d7e600ced3ee86"
  integrity sha512-gzP+t5W4hdy4c+68bfcv0t400HVJMMd2+H9B7gae1nQlBzCqvrXX+6GL/b3GAgyTH966pzrZ70/fRjwAtZksSQ==
